
Microsoft Visual Studio Solution File, Format Version 12.00
# Visual Studio Version 16
VisualStudioVersion = 16.0.31515.178
MinimumVisualStudioVersion = 10.0.40219.1
Project("{FAE04EC0-301F-11D3-BF4B-00C04F79EFBC}") = "Entity2", "Entity2.csproj", "{2FD38108-21FE-4DB8-BF51-C4479CB188C6}"
EndProject
Global
	GlobalSection(SolutionConfigurationPlatforms) = preSolution
		Debug|Any CPU = Debug|Any CPU
		Release|Any CPU = Release|Any CPU
	EndGlobalSection
	GlobalSection(ProjectConfigurationPlatforms) = postSolution
		{2FD38108-21FE-4DB8-BF51-C4479CB188C6}.Debug|Any CPU.ActiveCfg = Debug|Any CPU
		{2FD38108-21FE-4DB8-BF51-C4479CB188C6}.Debug|Any CPU.Build.0 = Debug|Any CPU
		{2FD38108-21FE-4DB8-BF51-C4479CB188C6}.Release|Any CPU.ActiveCfg = Release|Any CPU
		{2FD38108-21FE-4DB8-BF51-C4479CB188C6}.Release|Any CPU.Build.0 = Release|Any CPU
	EndGlobalSection
	GlobalSection(SolutionProperties) = preSolution
		HideSolutionNode = FALSE
	EndGlobalSection
	GlobalSection(ExtensibilityGlobals) = postSolution
		SolutionGuid = {29954192-8295-416F-868D-689B3E4BE091}
	EndGlobalSection
EndGlobal
